// !$*UTF8*$!
{
	archiveVersion = 1;
	classes = {
	};
	objectVersion = 46;
	objects = {

/* Begin PBXBuildFile section */
		EB088C431EF9340000ED2332 /* Vertex.vs in Resources */ = {isa = PBXBuildFile; fileRef = EB088C421EF9340000ED2332 /* Vertex.vs */; };
		EB088C451EF9346800ED2332 /* Fragment.fs in Resources */ = {isa = PBXBuildFile; fileRef = EB088C441EF9346800ED2332 /* Fragment.fs */; };
		EB088C4B1EF9BB1900ED2332 /* OpengGLView.swift in Sources */ = {isa = PBXBuildFile; fileRef = EB088C4A1EF9BB1900ED2332 /* OpengGLView.swift */; };
		EB088C8D1EFFD78400ED2332 /* 99-awesomeface.png in Resources */ = {isa = PBXBuildFile; fileRef = EB088C8C1EFFD78400ED2332 /* 99-awesomeface.png */; };
		EB13F04B1F2923C500E50425 /* Sprite.swift in Sources */ = {isa = PBXBuildFile; fileRef = EB13F04A1F2923C500E50425 /* Sprite.swift */; };
		EB25B6941CF48F3700E57FF9 /* AnimationController.swift in Sources */ = {isa = PBXBuildFile; fileRef = EB25B6931CF48F3700E57FF9 /* AnimationController.swift */; };
		EB3B98B21D5A57A400738DEC /* OpenGLES.framework in Frameworks */ = {isa = PBXBuildFile; fileRef = EB3B98B11D5A57A400738DEC /* OpenGLES.framework */; };
		EB3B98B41D5A57D900738DEC /* GLKit.framework in Frameworks */ = {isa = PBXBuildFile; fileRef = EB3B98B31D5A57D900738DEC /* GLKit.framework */; };
		EB6D87541EF07DC700B7122D /* GLAnimationConroller.swift in Sources */ = {isa = PBXBuildFile; fileRef = EB6D87531EF07DC700B7122D /* GLAnimationConroller.swift */; };
		EB6D87691EF8108C00B7122D /* Shader.swift in Sources */ = {isa = PBXBuildFile; fileRef = EB6D87681EF8108C00B7122D /* Shader.swift */; };
		EB72F8951CDCD58A008D2C80 /* UINavigationController+Extensions.swift in Sources */ = {isa = PBXBuildFile; fileRef = EB72F8941CDCD58A008D2C80 /* UINavigationController+Extensions.swift */; };
		EB72F8971CE10B90008D2C80 /* NavigationControllerDelegate.swift in Sources */ = {isa = PBXBuildFile; fileRef = EB72F8961CE10B90008D2C80 /* NavigationControllerDelegate.swift */; };
		EB78F74F1CEF68C800D12838 /* ViewController2.swift in Sources */ = {isa = PBXBuildFile; fileRef = EB78F74E1CEF68C800D12838 /* ViewController2.swift */; };
		EB78F7511CEF6A5300D12838 /* ViewController3.swift in Sources */ = {isa = PBXBuildFile; fileRef = EB78F7501CEF6A5300D12838 /* ViewController3.swift */; };
		EBE2A0F11CCE95CF00ABF6B4 /* AppDelegate.swift in Sources */ = {isa = PBXBuildFile; fileRef = EBE2A0F01CCE95CF00ABF6B4 /* AppDelegate.swift */; };
		EBE2A0F31CCE95CF00ABF6B4 /* ViewController.swift in Sources */ = {isa = PBXBuildFile; fileRef = EBE2A0F21CCE95CF00ABF6B4 /* ViewController.swift */; };
		EBE2A0F61CCE95CF00ABF6B4 /* Main.storyboard in Resources */ = {isa = PBXBuildFile; fileRef = EBE2A0F41CCE95CF00ABF6B4 /* Main.storyboard */; };
		EBE2A0F81CCE95CF00ABF6B4 /* Assets.xcassets in Resources */ = {isa = PBXBuildFile; fileRef = EBE2A0F71CCE95CF00ABF6B4 /* Assets.xcassets */; };
		EBE2A0FB1CCE95CF00ABF6B4 /* LaunchScreen.storyboard in Resources */ = {isa = PBXBuildFile; fileRef = EBE2A0F91CCE95CF00ABF6B4 /* LaunchScreen.storyboard */; };
		EBE2A1031CD25DF300ABF6B4 /* PresentationController.swift in Sources */ = {isa = PBXBuildFile; fileRef = EBE2A1021CD25DF300ABF6B4 /* PresentationController.swift */; };
		EBE2A1051CD25FC000ABF6B4 /* DismissalController.swift in Sources */ = {isa = PBXBuildFile; fileRef = EBE2A1041CD25FC000ABF6B4 /* DismissalController.swift */; };
		EBE93F411F01BD88005B7445 /* TextureHelper.m in Sources */ = {isa = PBXBuildFile; fileRef = EBE93F401F01BD88005B7445 /* TextureHelper.m */; };
/* End PBXBuildFile section */

/* Begin PBXFileReference section */
		EB088C421EF9340000ED2332 /* Vertex.vs */ = {isa = PBXFileReference; fileEncoding = 4; lastKnownFileType = sourcecode.glsl; path = Vertex.vs; sourceTree = "<group>"; };
		EB088C441EF9346800ED2332 /* Fragment.fs */ = {isa = PBXFileReference; fileEncoding = 4; lastKnownFileType = sourcecode.glsl; path = Fragment.fs; sourceTree = "<group>"; };
		EB088C4A1EF9BB1900ED2332 /* OpengGLView.swift */ = {isa = PBXFileReference; fileEncoding = 4; lastKnownFileType = sourcecode.swift; path = OpengGLView.swift; sourceTree = "<group>"; };
		EB088C8C1EFFD78400ED2332 /* 99-awesomeface.png */ = {isa = PBXFileReference; lastKnownFileType = image.png; path = "99-awesomeface.png"; sourceTree = "<group>"; };
		EB13F04A1F2923C500E50425 /* Sprite.swift */ = {isa = PBXFileReference; fileEncoding = 4; lastKnownFileType = sourcecode.swift; path = Sprite.swift; sourceTree = "<group>"; };
		EB25B6931CF48F3700E57FF9 /* AnimationController.swift */ = {isa = PBXFileReference; fileEncoding = 4; lastKnownFileType = sourcecode.swift; path = AnimationController.swift; sourceTree = "<group>"; };
		EB3B98B11D5A57A400738DEC /* OpenGLES.framework */ = {isa = PBXFileReference; lastKnownFileType = wrapper.framework; name = OpenGLES.framework; path = System/Library/Frameworks/OpenGLES.framework; sourceTree = SDKROOT; };
		EB3B98B31D5A57D900738DEC /* GLKit.framework */ = {isa = PBXFileReference; lastKnownFileType = wrapper.framework; name = GLKit.framework; path = System/Library/Frameworks/GLKit.framework; sourceTree = SDKROOT; };
		EB6D87531EF07DC700B7122D /* GLAnimationConroller.swift */ = {isa = PBXFileReference; fileEncoding = 4; lastKnownFileType = sourcecode.swift; path = GLAnimationConroller.swift; sourceTree = "<group>"; };
		EB6D87681EF8108C00B7122D /* Shader.swift */ = {isa = PBXFileReference; fileEncoding = 4; lastKnownFileType = sourcecode.swift; path = Shader.swift; sourceTree = "<group>"; };
		EB72F8941CDCD58A008D2C80 /* UINavigationController+Extensions.swift */ = {isa = PBXFileReference; fileEncoding = 4; lastKnownFileType = sourcecode.swift; path = "UINavigationController+Extensions.swift"; sourceTree = "<group>"; };
		EB72F8961CE10B90008D2C80 /* NavigationControllerDelegate.swift */ = {isa = PBXFileReference; fileEncoding = 4; lastKnownFileType = sourcecode.swift; path = NavigationControllerDelegate.swift; sourceTree = "<group>"; };
		EB78F74E1CEF68C800D12838 /* ViewController2.swift */ = {isa = PBXFileReference; fileEncoding = 4; lastKnownFileType = sourcecode.swift; path = ViewController2.swift; sourceTree = "<group>"; };
		EB78F7501CEF6A5300D12838 /* ViewController3.swift */ = {isa = PBXFileReference; fileEncoding = 4; lastKnownFileType = sourcecode.swift; path = ViewController3.swift; sourceTree = "<group>"; };
		EBE2A0ED1CCE95CF00ABF6B4 /* Part.app */ = {isa = PBXFileReference; explicitFileType = wrapper.application; includeInIndex = 0; path = Part.app; sourceTree = BUILT_PRODUCTS_DIR; };
		EBE2A0F01CCE95CF00ABF6B4 /* AppDelegate.swift */ = {isa = PBXFileReference; lastKnownFileType = sourcecode.swift; path = AppDelegate.swift; sourceTree = "<group>"; };
		EBE2A0F21CCE95CF00ABF6B4 /* ViewController.swift */ = {isa = PBXFileReference; lastKnownFileType = sourcecode.swift; path = ViewController.swift; sourceTree = "<group>"; };
		EBE2A0F51CCE95CF00ABF6B4 /* Base */ = {isa = PBXFileReference; lastKnownFileType = file.storyboard; name = Base; path = Base.lproj/Main.storyboard; sourceTree = "<group>"; };
		EBE2A0F71CCE95CF00ABF6B4 /* Assets.xcassets */ = {isa = PBXFileReference; lastKnownFileType = folder.assetcatalog; path = Assets.xcassets; sourceTree = "<group>"; };
		EBE2A0FA1CCE95CF00ABF6B4 /* Base */ = {isa = PBXFileReference; lastKnownFileType = file.storyboard; name = Base; path = Base.lproj/LaunchScreen.storyboard; sourceTree = "<group>"; };
		EBE2A0FC1CCE95CF00ABF6B4 /* Info.plist */ = {isa = PBXFileReference; lastKnownFileType = text.plist.xml; path = Info.plist; sourceTree = "<group>"; };
		EBE2A1021CD25DF300ABF6B4 /* PresentationController.swift */ = {isa = PBXFileReference; fileEncoding = 4; lastKnownFileType = sourcecode.swift; path = PresentationController.swift; sourceTree = "<group>"; };
		EBE2A1041CD25FC000ABF6B4 /* DismissalController.swift */ = {isa = PBXFileReference; fileEncoding = 4; lastKnownFileType = sourcecode.swift; path = DismissalController.swift; sourceTree = "<group>"; };
		EBE93F3E1F01BD87005B7445 /* Part-Bridging-Header.h */ = {isa = PBXFileReference; lastKnownFileType = sourcecode.c.h; path = "Part-Bridging-Header.h"; sourceTree = "<group>"; };
		EBE93F3F1F01BD88005B7445 /* TextureHelper.h */ = {isa = PBXFileReference; fileEncoding = 4; lastKnownFileType = sourcecode.c.h; path = TextureHelper.h; sourceTree = "<group>"; };
		EBE93F401F01BD88005B7445 /* TextureHelper.m */ = {isa = PBXFileReference; fileEncoding = 4; lastKnownFileType = sourcecode.c.objc; path = TextureHelper.m; sourceTree = "<group>"; };
/* End PBXFileReference section */

/* Begin PBXFrameworksBuildPhase section */
		EBE2A0EA1CCE95CF00ABF6B4 /* Frameworks */ = {
			isa = PBXFrameworksBuildPhase;
			buildActionMask = 2147483647;
			files = (
				EB3B98B41D5A57D900738DEC /* GLKit.framework in Frameworks */,
				EB3B98B21D5A57A400738DEC /* OpenGLES.framework in Frameworks */,
			);
			runOnlyForDeploymentPostprocessing = 0;
		};
/* End PBXFrameworksBuildPhase section */

/* Begin PBXGroup section */
		EBE2A0E41CCE95CF00ABF6B4 = {
			isa = PBXGroup;
			children = (
				EB3B98B31D5A57D900738DEC /* GLKit.framework */,
				EB3B98B11D5A57A400738DEC /* OpenGLES.framework */,
				EBE2A0EF1CCE95CF00ABF6B4 /* Part */,
				EBE2A0EE1CCE95CF00ABF6B4 /* Products */,
			);
			sourceTree = "<group>";
		};
		EBE2A0EE1CCE95CF00ABF6B4 /* Products */ = {
			isa = PBXGroup;
			children = (
				EBE2A0ED1CCE95CF00ABF6B4 /* Part.app */,
			);
			name = Products;
			sourceTree = "<group>";
		};
		EBE2A0EF1CCE95CF00ABF6B4 /* Part */ = {
			isa = PBXGroup;
			children = (
				EB088C8C1EFFD78400ED2332 /* 99-awesomeface.png */,
				EBE2A0F01CCE95CF00ABF6B4 /* AppDelegate.swift */,
				EBE2A0F21CCE95CF00ABF6B4 /* ViewController.swift */,
				EBE2A1021CD25DF300ABF6B4 /* PresentationController.swift */,
				EBE2A1041CD25FC000ABF6B4 /* DismissalController.swift */,
				EB25B6931CF48F3700E57FF9 /* AnimationController.swift */,
				EB6D87531EF07DC700B7122D /* GLAnimationConroller.swift */,
				EBE2A0F41CCE95CF00ABF6B4 /* Main.storyboard */,
				EBE2A0F71CCE95CF00ABF6B4 /* Assets.xcassets */,
				EBE2A0F91CCE95CF00ABF6B4 /* LaunchScreen.storyboard */,
				EBE2A0FC1CCE95CF00ABF6B4 /* Info.plist */,
				EB72F8941CDCD58A008D2C80 /* UINavigationController+Extensions.swift */,
				EB72F8961CE10B90008D2C80 /* NavigationControllerDelegate.swift */,
				EB78F74E1CEF68C800D12838 /* ViewController2.swift */,
				EB78F7501CEF6A5300D12838 /* ViewController3.swift */,
				EB6D87681EF8108C00B7122D /* Shader.swift */,
				EB088C421EF9340000ED2332 /* Vertex.vs */,
				EB088C441EF9346800ED2332 /* Fragment.fs */,
				EB088C4A1EF9BB1900ED2332 /* OpengGLView.swift */,
				EBE93F3F1F01BD88005B7445 /* TextureHelper.h */,
				EBE93F401F01BD88005B7445 /* TextureHelper.m */,
				EBE93F3E1F01BD87005B7445 /* Part-Bridging-Header.h */,
				EB13F04A1F2923C500E50425 /* Sprite.swift */,
			);
			path = Part;
			sourceTree = "<group>";
		};
/* End PBXGroup section */

/* Begin PBXNativeTarget section */
		EBE2A0EC1CCE95CF00ABF6B4 /* Part */ = {
			isa = PBXNativeTarget;
			buildConfigurationList = EBE2A0FF1CCE95CF00ABF6B4 /* Build configuration list for PBXNativeTarget "Part" */;
			buildPhases = (
				EBE2A0E91CCE95CF00ABF6B4 /* Sources */,
				EBE2A0EA1CCE95CF00ABF6B4 /* Frameworks */,
				EBE2A0EB1CCE95CF00ABF6B4 /* Resources */,
			);
			buildRules = (
			);
			dependencies = (
			);
			name = Part;
			productName = Part;
			productReference = EBE2A0ED1CCE95CF00ABF6B4 /* Part.app */;
			productType = "com.apple.product-type.application";
		};
/* End PBXNativeTarget section */

/* Begin PBXProject section */
		EBE2A0E51CCE95CF00ABF6B4 /* Project object */ = {
			isa = PBXProject;
			attributes = {
				LastSwiftUpdateCheck = 0720;
				LastUpgradeCheck = 0720;
				ORGANIZATIONNAME = void;
				TargetAttributes = {
					EBE2A0EC1CCE95CF00ABF6B4 = {
						CreatedOnToolsVersion = 7.2.1;
						DevelopmentTeam = HU7ATM8NJ3;
						LastSwiftMigration = 0830;
						ProvisioningStyle = Automatic;
					};
				};
			};
			buildConfigurationList = EBE2A0E81CCE95CF00ABF6B4 /* Build configuration list for PBXProject "Part" */;
			compatibilityVersion = "Xcode 3.2";
			developmentRegion = English;
			hasScannedForEncodings = 0;
			knownRegions = (
				en,
				Base,
			);
			mainGroup = EBE2A0E41CCE95CF00ABF6B4;
			productRefGroup = EBE2A0EE1CCE95CF00ABF6B4 /* Products */;
			projectDirPath = "";
			projectRoot = "";
			targets = (
				EBE2A0EC1CCE95CF00ABF6B4 /* Part */,
			);
		};
/* End PBXProject section */

/* Begin PBXResourcesBuildPhase section */
		EBE2A0EB1CCE95CF00ABF6B4 /* Resources */ = {
			isa = PBXResourcesBuildPhase;
			buildActionMask = 2147483647;
			files = (
				EBE2A0FB1CCE95CF00ABF6B4 /* LaunchScreen.storyboard in Resources */,
				EBE2A0F81CCE95CF00ABF6B4 /* Assets.xcassets in Resources */,
				EB088C8D1EFFD78400ED2332 /* 99-awesomeface.png in Resources */,
				EB088C431EF9340000ED2332 /* Vertex.vs in Resources */,
				EBE2A0F61CCE95CF00ABF6B4 /* Main.storyboard in Resources */,
				EB088C451EF9346800ED2332 /* Fragment.fs in Resources */,
			);
			runOnlyForDeploymentPostprocessing = 0;
		};
/* End PBXResourcesBuildPhase section */

/* Begin PBXSourcesBuildPhase section */
		EBE2A0E91CCE95CF00ABF6B4 /* Sources */ = {
			isa = PBXSourcesBuildPhase;
			buildActionMask = 2147483647;
			files = (
				EB6D87691EF8108C00B7122D /* Shader.swift in Sources */,
				EBE2A0F31CCE95CF00ABF6B4 /* ViewController.swift in Sources */,
				EB78F74F1CEF68C800D12838 /* ViewController2.swift in Sources */,
				EB78F7511CEF6A5300D12838 /* ViewController3.swift in Sources */,
				EB13F04B1F2923C500E50425 /* Sprite.swift in Sources */,
				EBE93F411F01BD88005B7445 /* TextureHelper.m in Sources */,
				EBE2A1051CD25FC000ABF6B4 /* DismissalController.swift in Sources */,
				EB25B6941CF48F3700E57FF9 /* AnimationController.swift in Sources */,
				EBE2A0F11CCE95CF00ABF6B4 /* AppDelegate.swift in Sources */,
				EB088C4B1EF9BB1900ED2332 /* OpengGLView.swift in Sources */,
				EB6D87541EF07DC700B7122D /* GLAnimationConroller.swift in Sources */,
				EB72F8951CDCD58A008D2C80 /* UINavigationController+Extensions.swift in Sources */,
				EB72F8971CE10B90008D2C80 /* NavigationControllerDelegate.swift in Sources */,
				EBE2A1031CD25DF300ABF6B4 /* PresentationController.swift in Sources */,
			);
			runOnlyForDeploymentPostprocessing = 0;
		};
/* End PBXSourcesBuildPhase section */

/* Begin PBXVariantGroup section */
		EBE2A0F41CCE95CF00ABF6B4 /* Main.storyboard */ = {
			isa = PBXVariantGroup;
			children = (
				EBE2A0F51CCE95CF00ABF6B4 /* Base */,
			);
			name = Main.storyboard;
			sourceTree = "<group>";
		};
		EBE2A0F91CCE95CF00ABF6B4 /* LaunchScreen.storyboard */ = {
			isa = PBXVariantGroup;
			children = (
				EBE2A0FA1CCE95CF00ABF6B4 /* Base */,
			);
			name = LaunchScreen.storyboard;
			sourceTree = "<group>";
		};
/* End PBXVariantGroup section */

/* Begin XCBuildConfiguration section */
		EBE2A0FD1CCE95CF00ABF6B4 /* Debug */ = {
			isa = XCBuildConfiguration;
			buildSettings = {
				ALWAYS_SEARCH_USER_PATHS = NO;
				CLANG_CXX_LANGUAGE_STANDARD = "gnu++0x";
				CLANG_CXX_LIBRARY = "libc++";
				CLANG_ENABLE_MODULES = YES;
				CLANG_ENABLE_OBJC_ARC = YES;
				CLANG_WARN_BOOL_CONVERSION = YES;
				CLANG_WARN_CONSTANT_CONVERSION = YES;
				CLANG_WARN_DIRECT_OBJC_ISA_USAGE = YES_ERROR;
				CLANG_WARN_EMPTY_BODY = YES;
				CLANG_WARN_ENUM_CONVERSION = YES;
				CLANG_WARN_INT_CONVERSION = YES;
				CLANG_WARN_OBJC_ROOT_CLASS = YES_ERROR;
				CLANG_WARN_UNREACHABLE_CODE = YES;
				CLANG_WARN__DUPLICATE_METHOD_MATCH = YES;
				"CODE_SIGN_IDENTITY[sdk=iphoneos*]" = "iPhone Developer";
				COPY_PHASE_STRIP = NO;
				DEBUG_INFORMATION_FORMAT = dwarf;
				ENABLE_STRICT_OBJC_MSGSEND = YES;
				ENABLE_TESTABILITY = YES;
				GCC_C_LANGUAGE_STANDARD = gnu99;
				GCC_DYNAMIC_NO_PIC = NO;
				GCC_NO_COMMON_BLOCKS = YES;
				GCC_OPTIMIZATION_LEVEL = 0;
				GCC_PREPROCESSOR_DEFINITIONS = (
					"DEBUG=1",
					"$(inherited)",
				);
				GCC_WARN_64_TO_32_BIT_CONVERSION = YES;
				GCC_WARN_ABOUT_RETURN_TYPE = YES_ERROR;
				GCC_WARN_UNDECLARED_SELECTOR = YES;
				GCC_WARN_UNINITIALIZED_AUTOS = YES_AGGRESSIVE;
				GCC_WARN_UNUSED_FUNCTION = YES;
				GCC_WARN_UNUSED_VARIABLE = YES;
				IPHONEOS_DEPLOYMENT_TARGET = 9.2;
				MTL_ENABLE_DEBUG_INFO = YES;
				ONLY_ACTIVE_ARCH = YES;
				SDKROOT = iphoneos;
				SWIFT_OPTIMIZATION_LEVEL = "-Onone";
				TARGETED_DEVICE_FAMILY = "1,2";
			};
			name = Debug;
		};
		EBE2A0FE1CCE95CF00ABF6B4 /* Release */ = {
			isa = XCBuildConfiguration;
			buildSettings = {
				ALWAYS_SEARCH_USER_PATHS = NO;
				CLANG_CXX_LANGUAGE_STANDARD = "gnu++0x";
				CLANG_CXX_LIBRARY = "libc++";
				CLANG_ENABLE_MODULES = YES;
				CLANG_ENABLE_OBJC_ARC = YES;
				CLANG_WARN_BOOL_CONVERSION = YES;
				CLANG_WARN_CONSTANT_CONVERSION = YES;
				CLANG_WARN_DIRECT_OBJC_ISA_USAGE = YES_ERROR;
				CLANG_WARN_EMPTY_BODY = YES;
				CLANG_WARN_ENUM_CONVERSION = YES;
				CLANG_WARN_INT_CONVERSION = YES;
				CLANG_WARN_OBJC_ROOT_CLASS = YES_ERROR;
				CLANG_WARN_UNREACHABLE_CODE = YES;
				CLANG_WARN__DUPLICATE_METHOD_MATCH = YES;
				"CODE_SIGN_IDENTITY[sdk=iphoneos*]" = "iPhone Developer";
				COPY_PHASE_STRIP = NO;
				DEBUG_INFORMATION_FORMAT = "dwarf-with-dsym";
				ENABLE_NS_ASSERTIONS = NO;
				ENABLE_STRICT_OBJC_MSGSEND = YES;
				GCC_C_LANGUAGE_STANDARD = gnu99;
				GCC_NO_COMMON_BLOCKS = YES;
				GCC_WARN_64_TO_32_BIT_CONVERSION = YES;
				GCC_WARN_ABOUT_RETURN_TYPE = YES_ERROR;
				GCC_WARN_UNDECLARED_SELECTOR = YES;
				GCC_WARN_UNINITIALIZED_AUTOS = YES_AGGRESSIVE;
				GCC_WARN_UNUSED_FUNCTION = YES;
				GCC_WARN_UNUSED_VARIABLE = YES;
				IPHONEOS_DEPLOYMENT_TARGET = 9.2;
				MTL_ENABLE_DEBUG_INFO = NO;
				SDKROOT = iphoneos;
				TARGETED_DEVICE_FAMILY = "1,2";
				VALIDATE_PRODUCT = YES;
			};
			name = Release;
		};
		EBE2A1001CCE95CF00ABF6B4 /* Debug */ = {
			isa = XCBuildConfiguration;
			buildSettings = {
				ASSETCATALOG_COMPILER_APPICON_NAME = AppIcon;
				CLANG_ENABLE_MODULES = YES;
				"CODE_SIGN_IDENTITY[sdk=iphoneos*]" = "iPhone Developer";
				DEVELOPMENT_TEAM = HU7ATM8NJ3;
				INFOPLIST_FILE = Part/Info.plist;
				IPHONEOS_DEPLOYMENT_TARGET = 8.0;
				LD_RUNPATH_SEARCH_PATHS = "$(inherited) @executable_path/Frameworks";
				PRODUCT_BUNDLE_IDENTIFIER = void.Part;
				PRODUCT_NAME = "$(TARGET_NAME)";
				PROVISIONING_PROFILE_SPECIFIER = "";
				SWIFT_OBJC_BRIDGING_HEADER = "Part/Part-Bridging-Header.h";
				SWIFT_OPTIMIZATION_LEVEL = "-Onone";
				SWIFT_VERSION = 3.0;
			};
			name = Debug;
		};
		EBE2A1011CCE95CF00ABF6B4 /* Release */ = {
			isa = XCBuildConfiguration;
			buildSettings = {
				ASSETCATALOG_COMPILER_APPICON_NAME = AppIcon;
				CLANG_ENABLE_MODULES = YES;
				"CODE_SIGN_IDENTITY[sdk=iphoneos*]" = "iPhone Developer";
				DEVELOPMENT_TEAM = HU7ATM8NJ3;
				INFOPLIST_FILE = Part/Info.plist;
				IPHONEOS_DEPLOYMENT_TARGET = 8.0;
				LD_RUNPATH_SEARCH_PATHS = "$(inherited) @executable_path/Frameworks";
				PRODUCT_BUNDLE_IDENTIFIER = void.Part;
				PRODUCT_NAME = "$(TARGET_NAME)";
				PROVISIONING_PROFILE_SPECIFIER = "";
				SWIFT_OBJC_BRIDGING_HEADER = "Part/Part-Bridging-Header.h";
				SWIFT_VERSION = 3.0;
			};
			name = Release;
		};
/* End XCBuildConfiguration section */

/* Begin XCConfigurationList section */
		EBE2A0E81CCE95CF00ABF6B4 /* Build configuration list for PBXProject "Part" */ = {
			isa = XCConfigurationList;
			buildConfigurations = (
				EBE2A0FD1CCE95CF00ABF6B4 /* Debug */,
				EBE2A0FE1CCE95CF00ABF6B4 /* Release */,
			);
			defaultConfigurationIsVisible = 0;
			defaultConfigurationName = Release;
		};
		EBE2A0FF1CCE95CF00ABF6B4 /* Build configuration list for PBXNativeTarget "Part" */ = {
			isa = XCConfigurationList;
			buildConfigurations = (
				EBE2A1001CCE95CF00ABF6B4 /* Debug */,
				EBE2A1011CCE95CF00ABF6B4 /* Release */,
			);
			defaultConfigurationIsVisible = 0;
			defaultConfigurationName = Release;
		};
/* End XCConfigurationList section */
	};
	rootObject = EBE2A0E51CCE95CF00ABF6B4 /* Project object */;
}
